<?xml version="1.0" encoding="UTF-8" standalone="yes" ?>
<CodeBlocks_project_file>
	<FileVersion major="1" minor="6" />
	<Project>
		<Option title="debcheck" />
		<Option pch_mode="2" />
		<Option compiler="gcc" />
		<Build>
			<Target title="Debug">
				<Option output="bin/Debug/debcheck" prefix_auto="1" extension_auto="1" />
				<Option object_output="obj/Debug/" />
				<Option type="1" />
				<Option compiler="gcc" />
				<Compiler>
					<Add option="-g" />
				</Compiler>
			</Target>
			<Target title="Release">
				<Option output="bin/Release/debcheck" prefix_auto="1" extension_auto="1" />
				<Option object_output="obj/Release/" />
				<Option type="1" />
				<Option compiler="gcc" />
				<Compiler>
					<Add option="-O2" />
				</Compiler>
				<Linker>
					<Add option="-s" />
				</Linker>
			</Target>
			<Environment>
				<Variable name="DPKG_PATH" value="../dpkg-1.16.1.2ubuntu7" />
			</Environment>
		</Build>
		<Compiler>
			<Add option="-Wall" />
			<Add option="-fexceptions" />
			<Add option="`xml2-config --cflags`" />
			<Add directory="$(DPKG_PATH)" />
			<Add directory="$(DPKG_PATH)/lib" />
			<Add directory="$(DPKG_PATH)/lib/compat" />
		</Compiler>
		<Linker>
			<Add option="`xml2-config --libs`" />
			<Add library="dpkg" />
			<Add library="compat" />
			<Add library="popt" />
			<Add directory="$(DPKG_PATH)/lib/compat" />
			<Add directory="$(DPKG_PATH)/lib/dpkg" />
		</Linker>
		<Unit filename="dpkg_interface.cpp" />
		<Unit filename="dpkg_interface.h" />
		<Unit filename="main.cpp" />
		<Unit filename="xml_interface.cpp" />
		<Unit filename="xml_interface.h" />
		<Extensions>
			<code_completion />
			<envvars />
			<debugger />
			<lib_finder disable_auto="1" />
		</Extensions>
	</Project>
</CodeBlocks_project_file>
